{
    "_readme": [
        "This file locks the dependencies of your project to a known state",
        "Read more about it at https://getcomposer.org/doc/01-basic-usage.md#composer-lock-the-lock-file",
        "This file is @generated automatically"
    ],
    "hash": "77cb2eeb6a4e4c0a615c9f98e4510ff4",
    "content-hash": "0df4a2465e5f949b23ea75176c786c53",
    "packages": [],
    "packages-dev": [],
    "aliases": [],
    "minimum-stability": "stable",
    "stability-flags": [],
    "prefer-stable": false,
    "prefer-lowest": false,
    "platform": {
        "php": ">=5.4",
        "ext-curl": "*",
        "ext-json": "*"
    },
    "platform-dev": []
}
